
Microsoft Visual Studio Solution File, Format Version 12.00
# Visual Studio Version 16
VisualStudioVersion = 16.0.30114.105
MinimumVisualStudioVersion = 10.0.40219.1
Project("{2150E333-8FDC-42A3-9474-1A3956D46DE8}") = "src", "src", "{F77D3595-0340-4CAD-A66F-175B01CA60B3}"
EndProject
Project("{FAE04EC0-301F-11D3-BF4B-00C04F79EFBC}") = "WebApiSwagger", "src\WebApiSwagger\WebApiSwagger.csproj", "{5FB1AF9E-F08A-4E1E-A053-E6D6F0E73F62}"
EndProject
Project("{2150E333-8FDC-42A3-9474-1A3956D46DE8}") = "tests", "tests", "{CD0A74AE-1C7B-4B00-AE76-B475F79D49A5}"
EndProject
Project("{FAE04EC0-301F-11D3-BF4B-00C04F79EFBC}") = "WebApiSwagger.Tests", "tests\WebApiSwagger.Tests\WebApiSwagger.Tests.csproj", "{93AB0487-D2FF-49A4-820C-5C344B6B8209}"
EndProject
Global
	GlobalSection(SolutionConfigurationPlatforms) = preSolution
		Debug|Any CPU = Debug|Any CPU
		Release|Any CPU = Release|Any CPU
	EndGlobalSection
	GlobalSection(SolutionProperties) = preSolution
		HideSolutionNode = FALSE
	EndGlobalSection
	GlobalSection(ProjectConfigurationPlatforms) = postSolution
		{5FB1AF9E-F08A-4E1E-A053-E6D6F0E73F62}.Debug|Any CPU.ActiveCfg = Debug|Any CPU
		{5FB1AF9E-F08A-4E1E-A053-E6D6F0E73F62}.Debug|Any CPU.Build.0 = Debug|Any CPU
		{5FB1AF9E-F08A-4E1E-A053-E6D6F0E73F62}.Release|Any CPU.ActiveCfg = Release|Any CPU
		{5FB1AF9E-F08A-4E1E-A053-E6D6F0E73F62}.Release|Any CPU.Build.0 = Release|Any CPU
		{93AB0487-D2FF-49A4-820C-5C344B6B8209}.Debug|Any CPU.ActiveCfg = Debug|Any CPU
		{93AB0487-D2FF-49A4-820C-5C344B6B8209}.Debug|Any CPU.Build.0 = Debug|Any CPU
		{93AB0487-D2FF-49A4-820C-5C344B6B8209}.Release|Any CPU.ActiveCfg = Release|Any CPU
		{93AB0487-D2FF-49A4-820C-5C344B6B8209}.Release|Any CPU.Build.0 = Release|Any CPU
	EndGlobalSection
	GlobalSection(NestedProjects) = preSolution
		{5FB1AF9E-F08A-4E1E-A053-E6D6F0E73F62} = {F77D3595-0340-4CAD-A66F-175B01CA60B3}
		{93AB0487-D2FF-49A4-820C-5C344B6B8209} = {CD0A74AE-1C7B-4B00-AE76-B475F79D49A5}
	EndGlobalSection
EndGlobal
